// !$*UTF8*$!
{
	archiveVersion = 1;
	classes = {
	};
	objectVersion = 60;
	objects = {

/* Begin PBXBuildFile section */
		9EB8365C2C1DD882009DCF59 /* Card_Game_R11App.swift in Sources */ = {isa = PBXBuildFile; fileRef = 9EB8365B2C1DD882009DCF59 /* Card_Game_R11App.swift */; };
		9EB8365E2C1DD882009DCF59 /* ContentView.swift in Sources */ = {isa = PBXBuildFile; fileRef = 9EB8365D2C1DD882009DCF59 /* ContentView.swift */; };
		9EB836602C1DD884009DCF59 /* Assets.xcassets in Resources */ = {isa = PBXBuildFile; fileRef = 9EB8365F2C1DD884009DCF59 /* Assets.xcassets */; };
		9EB836632C1DD884009DCF59 /* Preview Assets.xcassets in Resources */ = {isa = PBXBuildFile; fileRef = 9EB836622C1DD884009DCF59 /* Preview Assets.xcassets */; };
		9EB8366D2C1DD884009DCF59 /* Card_Game_R11Tests.swift in Sources */ = {isa = PBXBuildFile; fileRef = 9EB8366C2C1DD884009DCF59 /* Card_Game_R11Tests.swift */; };
		9EB836772C1DD884009DCF59 /* Card_Game_R11UITests.swift in Sources */ = {isa = PBXBuildFile; fileRef = 9EB836762C1DD884009DCF59 /* Card_Game_R11UITests.swift */; };
		9EB836792C1DD884009DCF59 /* Card_Game_R11UITestsLaunchTests.swift in Sources */ = {isa = PBXBuildFile; fileRef = 9EB836782C1DD884009DCF59 /* Card_Game_R11UITestsLaunchTests.swift */; };
/* End PBXBuildFile section */

/* Begin PBXContainerItemProxy section */
		9EB836692C1DD884009DCF59 /* PBXContainerItemProxy */ = {
			isa = PBXContainerItemProxy;
			containerPortal = 9EB836502C1DD882009DCF59 /* Project object */;
			proxyType = 1;
			remoteGlobalIDString = 9EB836572C1DD882009DCF59;
			remoteInfo = Card_Game_R11;
		};
		9EB836732C1DD884009DCF59 /* PBXContainerItemProxy */ = {
			isa = PBXContainerItemProxy;
			containerPortal = 9EB836502C1DD882009DCF59 /* Project object */;
			proxyType = 1;
			remoteGlobalIDString = 9EB836572C1DD882009DCF59;
			remoteInfo = Card_Game_R11;
		};
/* End PBXContainerItemProxy section */

/* Begin PBXFileReference section */
		9EB836582C1DD882009DCF59 /* Card_Game_R11.app */ = {isa = PBXFileReference; explicitFileType = wrapper.application; includeInIndex = 0; path = Card_Game_R11.app; sourceTree = BUILT_PRODUCTS_DIR; };
		9EB8365B2C1DD882009DCF59 /* Card_Game_R11App.swift */ = {isa = PBXFileReference; lastKnownFileType = sourcecode.swift; path = Card_Game_R11App.swift; sourceTree = "<group>"; };
		9EB8365D2C1DD882009DCF59 /* ContentView.swift */ = {isa = PBXFileReference; lastKnownFileType = sourcecode.swift; path = ContentView.swift; sourceTree = "<group>"; };
		9EB8365F2C1DD884009DCF59 /* Assets.xcassets */ = {isa = PBXFileReference; lastKnownFileType = folder.assetcatalog; path = Assets.xcassets; sourceTree = "<group>"; };
		9EB836622C1DD884009DCF59 /* Preview Assets.xcassets */ = {isa = PBXFileReference; lastKnownFileType = folder.assetcatalog; path = "Preview Assets.xcassets"; sourceTree = "<group>"; };
		9EB836682C1DD884009DCF59 /* Card_Game_R11Tests.xctest */ = {isa = PBXFileReference; explicitFileType = wrapper.cfbundle; includeInIndex = 0; path = Card_Game_R11Tests.xctest; sourceTree = BUILT_PRODUCTS_DIR; };
		9EB8366C2C1DD884009DCF59 /* Card_Game_R11Tests.swift */ = {isa = PBXFileReference; lastKnownFileType = sourcecode.swift; path = Card_Game_R11Tests.swift; sourceTree = "<group>"; };
		9EB836722C1DD884009DCF59 /* Card_Game_R11UITests.xctest */ = {isa = PBXFileReference; explicitFileType = wrapper.cfbundle; includeInIndex = 0; path = Card_Game_R11UITests.xctest; sourceTree = BUILT_PRODUCTS_DIR; };
		9EB836762C1DD884009DCF59 /* Card_Game_R11UITests.swift */ = {isa = PBXFileReference; lastKnownFileType = sourcecode.swift; path = Card_Game_R11UITests.swift; sourceTree = "<group>"; };
		9EB836782C1DD884009DCF59 /* Card_Game_R11UITestsLaunchTests.swift */ = {isa = PBXFileReference; lastKnownFileType = sourcecode.swift; path = Card_Game_R11UITestsLaunchTests.swift; sourceTree = "<group>"; };
/* End PBXFileReference section */

/* Begin PBXFrameworksBuildPhase section */
		9EB836552C1DD882009DCF59 /* Frameworks */ = {
			isa = PBXFrameworksBuildPhase;
			buildActionMask = 2147483647;
			files = (
			);
			runOnlyForDeploymentPostprocessing = 0;
		};
		9EB836652C1DD884009DCF59 /* Frameworks */ = {
			isa = PBXFrameworksBuildPhase;
			buildActionMask = 2147483647;
			files = (
			);
			runOnlyForDeploymentPostprocessing = 0;
		};
		9EB8366F2C1DD884009DCF59 /* Frameworks */ = {
			isa = PBXFrameworksBuildPhase;
			buildActionMask = 2147483647;
			files = (
			);
			runOnlyForDeploymentPostprocessing = 0;
		};
/* End PBXFrameworksBuildPhase section */

/* Begin PBXGroup section */
		9EB8364F2C1DD882009DCF59 = {
			isa = PBXGroup;
			children = (
				9EB8365A2C1DD882009DCF59 /* Card_Game_R11 */,
				9EB8366B2C1DD884009DCF59 /* Card_Game_R11Tests */,
				9EB836752C1DD884009DCF59 /* Card_Game_R11UITests */,
				9EB836592C1DD882009DCF59 /* Products */,
			);
			sourceTree = "<group>";
		};
		9EB836592C1DD882009DCF59 /* Products */ = {
			isa = PBXGroup;
			children = (
				9EB836582C1DD882009DCF59 /* Card_Game_R11.app */,
				9EB836682C1DD884009DCF59 /* Card_Game_R11Tests.xctest */,
				9EB836722C1DD884009DCF59 /* Card_Game_R11UITests.xctest */,
			);
			name = Products;
			sourceTree = "<group>";
		};
		9EB8365A2C1DD882009DCF59 /* Card_Game_R11 */ = {
			isa = PBXGroup;
			children = (
				9EB8365B2C1DD882009DCF59 /* Card_Game_R11App.swift */,
				9EB8365D2C1DD882009DCF59 /* ContentView.swift */,
				9EB8365F2C1DD884009DCF59 /* Assets.xcassets */,
				9EB836612C1DD884009DCF59 /* Preview Content */,
			);
			path = Card_Game_R11;
			sourceTree = "<group>";
		};
		9EB836612C1DD884009DCF59 /* Preview Content */ = {
			isa = PBXGroup;
			children = (
				9EB836622C1DD884009DCF59 /* Preview Assets.xcassets */,
			);
			path = "Preview Content";
			sourceTree = "<group>";
		};
		9EB8366B2C1DD884009DCF59 /* Card_Game_R11Tests */ = {
			isa = PBXGroup;
			children = (
				9EB8366C2C1DD884009DCF59 /* Card_Game_R11Tests.swift */,
			);
			path = Card_Game_R11Tests;
			sourceTree = "<group>";
		};
		9EB836752C1DD884009DCF59 /* Card_Game_R11UITests */ = {
			isa = PBXGroup;
			children = (
				9EB836762C1DD884009DCF59 /* Card_Game_R11UITests.swift */,
				9EB836782C1DD884009DCF59 /* Card_Game_R11UITestsLaunchTests.swift */,
			);
			path = Card_Game_R11UITests;
			sourceTree = "<group>";
		};
/* End PBXGroup section */

/* Begin PBXNativeTarget section */
		9EB836572C1DD882009DCF59 /* Card_Game_R11 */ = {
			isa = PBXNativeTarget;
			buildConfigurationList = 9EB8367C2C1DD884009DCF59 /* Build configuration list for PBXNativeTarget "Card_Game_R11" */;
			buildPhases = (
				9EB836542C1DD882009DCF59 /* Sources */,
				9EB836552C1DD882009DCF59 /* Frameworks */,
				9EB836562C1DD882009DCF59 /* Resources */,
			);
			buildRules = (
			);
			dependencies = (
			);
			name = Card_Game_R11;
			productName = Card_Game_R11;
			productReference = 9EB836582C1DD882009DCF59 /* Card_Game_R11.app */;
			productType = "com.apple.product-type.application";
		};
		9EB836672C1DD884009DCF59 /* Card_Game_R11Tests */ = {
			isa = PBXNativeTarget;
			buildConfigurationList = 9EB8367F2C1DD884009DCF59 /* Build configuration list for PBXNativeTarget "Card_Game_R11Tests" */;
			buildPhases = (
				9EB836642C1DD884009DCF59 /* Sources */,
				9EB836652C1DD884009DCF59 /* Frameworks */,
				9EB836662C1DD884009DCF59 /* Resources */,
			);
			buildRules = (
			);
			dependencies = (
				9EB8366A2C1DD884009DCF59 /* PBXTargetDependency */,
			);
			name = Card_Game_R11Tests;
			productName = Card_Game_R11Tests;
			productReference = 9EB836682C1DD884009DCF59 /* Card_Game_R11Tests.xctest */;
			productType = "com.apple.product-type.bundle.unit-test";
		};
		9EB836712C1DD884009DCF59 /* Card_Game_R11UITests */ = {
			isa = PBXNativeTarget;
			buildConfigurationList = 9EB836822C1DD884009DCF59 /* Build configuration list for PBXNativeTarget "Card_Game_R11UITests" */;
			buildPhases = (
				9EB8366E2C1DD884009DCF59 /* Sources */,
				9EB8366F2C1DD884009DCF59 /* Frameworks */,
				9EB836702C1DD884009DCF59 /* Resources */,
			);
			buildRules = (
			);
			dependencies = (
				9EB836742C1DD884009DCF59 /* PBXTargetDependency */,
			);
			name = Card_Game_R11UITests;
			productName = Card_Game_R11UITests;
			productReference = 9EB836722C1DD884009DCF59 /* Card_Game_R11UITests.xctest */;
			productType = "com.apple.product-type.bundle.ui-testing";
		};
/* End PBXNativeTarget section */

/* Begin PBXProject section */
		9EB836502C1DD882009DCF59 /* Project object */ = {
			isa = PBXProject;
			attributes = {
				BuildIndependentTargetsInParallel = 1;
				LastSwiftUpdateCheck = 1600;
				LastUpgradeCheck = 1600;
				TargetAttributes = {
					9EB836572C1DD882009DCF59 = {
						CreatedOnToolsVersion = 16.0;
					};
					9EB836672C1DD884009DCF59 = {
						CreatedOnToolsVersion = 16.0;
						TestTargetID = 9EB836572C1DD882009DCF59;
					};
					9EB836712C1DD884009DCF59 = {
						CreatedOnToolsVersion = 16.0;
						TestTargetID = 9EB836572C1DD882009DCF59;
					};
				};
			};
			buildConfigurationList = 9EB836532C1DD882009DCF59 /* Build configuration list for PBXProject "Card_Game_R11" */;
			compatibilityVersion = "Xcode 15.0";
			developmentRegion = en;
			hasScannedForEncodings = 0;
			knownRegions = (
				en,
				Base,
			);
			mainGroup = 9EB8364F2C1DD882009DCF59;
			productRefGroup = 9EB836592C1DD882009DCF59 /* Products */;
			projectDirPath = "";
			projectRoot = "";
			targets = (
				9EB836572C1DD882009DCF59 /* Card_Game_R11 */,
				9EB836672C1DD884009DCF59 /* Card_Game_R11Tests */,
				9EB836712C1DD884009DCF59 /* Card_Game_R11UITests */,
			);
		};
/* End PBXProject section */

/* Begin PBXResourcesBuildPhase section */
		9EB836562C1DD882009DCF59 /* Resources */ = {
			isa = PBXResourcesBuildPhase;
			buildActionMask = 2147483647;
			files = (
				9EB836632C1DD884009DCF59 /* Preview Assets.xcassets in Resources */,
				9EB836602C1DD884009DCF59 /* Assets.xcassets in Resources */,
			);
			runOnlyForDeploymentPostprocessing = 0;
		};
		9EB836662C1DD884009DCF59 /* Resources */ = {
			isa = PBXResourcesBuildPhase;
			buildActionMask = 2147483647;
			files = (
			);
			runOnlyForDeploymentPostprocessing = 0;
		};
		9EB836702C1DD884009DCF59 /* Resources */ = {
			isa = PBXResourcesBuildPhase;
			buildActionMask = 2147483647;
			files = (
			);
			runOnlyForDeploymentPostprocessing = 0;
		};
/* End PBXResourcesBuildPhase section */

/* Begin PBXSourcesBuildPhase section */
		9EB836542C1DD882009DCF59 /* Sources */ = {
			isa = PBXSourcesBuildPhase;
			buildActionMask = 2147483647;
			files = (
				9EB8365E2C1DD882009DCF59 /* ContentView.swift in Sources */,
				9EB8365C2C1DD882009DCF59 /* Card_Game_R11App.swift in Sources */,
			);
			runOnlyForDeploymentPostprocessing = 0;
		};
		9EB836642C1DD884009DCF59 /* Sources */ = {
			isa = PBXSourcesBuildPhase;
			buildActionMask = 2147483647;
			files = (
				9EB8366D2C1DD884009DCF59 /* Card_Game_R11Tests.swift in Sources */,
			);
			runOnlyForDeploymentPostprocessing = 0;
		};
		9EB8366E2C1DD884009DCF59 /* Sources */ = {
			isa = PBXSourcesBuildPhase;
			buildActionMask = 2147483647;
			files = (
				9EB836772C1DD884009DCF59 /* Card_Game_R11UITests.swift in Sources */,
				9EB836792C1DD884009DCF59 /* Card_Game_R11UITestsLaunchTests.swift in Sources */,
			);
			runOnlyForDeploymentPostprocessing = 0;
		};
/* End PBXSourcesBuildPhase section */

/* Begin PBXTargetDependency section */
		9EB8366A2C1DD884009DCF59 /* PBXTargetDependency */ = {
			isa = PBXTargetDependency;
			target = 9EB836572C1DD882009DCF59 /* Card_Game_R11 */;
			targetProxy = 9EB836692C1DD884009DCF59 /* PBXContainerItemProxy */;
		};
		9EB836742C1DD884009DCF59 /* PBXTargetDependency */ = {
			isa = PBXTargetDependency;
			target = 9EB836572C1DD882009DCF59 /* Card_Game_R11 */;
			targetProxy = 9EB836732C1DD884009DCF59 /* PBXContainerItemProxy */;
		};
/* End PBXTargetDependency section */

/* Begin XCBuildConfiguration section */
		9EB8367A2C1DD884009DCF59 /* Debug */ = {
			isa = XCBuildConfiguration;
			buildSettings = {
				ALWAYS_SEARCH_USER_PATHS = NO;
				ASSETCATALOG_COMPILER_GENERATE_SWIFT_ASSET_SYMBOL_EXTENSIONS = YES;
				CLANG_ANALYZER_NONNULL = YES;
				CLANG_ANALYZER_NUMBER_OBJECT_CONVERSION = YES_AGGRESSIVE;
				CLANG_CXX_LANGUAGE_STANDARD = "gnu++20";
				CLANG_ENABLE_MODULES = YES;
				CLANG_ENABLE_OBJC_ARC = YES;
				CLANG_ENABLE_OBJC_WEAK = YES;
				CLANG_WARN_BLOCK_CAPTURE_AUTORELEASING = YES;
				CLANG_WARN_BOOL_CONVERSION = YES;
				CLANG_WARN_COMMA = YES;
				CLANG_WARN_CONSTANT_CONVERSION = YES;
				CLANG_WARN_DEPRECATED_OBJC_IMPLEMENTATIONS = YES;
				CLANG_WARN_DIRECT_OBJC_ISA_USAGE = YES_ERROR;
				CLANG_WARN_DOCUMENTATION_COMMENTS = YES;
				CLANG_WARN_EMPTY_BODY = YES;
				CLANG_WARN_ENUM_CONVERSION = YES;
				CLANG_WARN_INFINITE_RECURSION = YES;
				CLANG_WARN_INT_CONVERSION = YES;
				CLANG_WARN_NON_LITERAL_NULL_CONVERSION = YES;
				CLANG_WARN_OBJC_IMPLICIT_RETAIN_SELF = YES;
				CLANG_WARN_OBJC_LITERAL_CONVERSION = YES;
				CLANG_WARN_OBJC_ROOT_CLASS = YES_ERROR;
				CLANG_WARN_QUOTED_INCLUDE_IN_FRAMEWORK_HEADER = YES;
				CLANG_WARN_RANGE_LOOP_ANALYSIS = YES;
				CLANG_WARN_STRICT_PROTOTYPES = YES;
				CLANG_WARN_SUSPICIOUS_MOVE = YES;
				CLANG_WARN_UNGUARDED_AVAILABILITY = YES_AGGRESSIVE;
				CLANG_WARN_UNREACHABLE_CODE = YES;
				CLANG_WARN__DUPLICATE_METHOD_MATCH = YES;
				COPY_PHASE_STRIP = NO;
				DEBUG_INFORMATION_FORMAT = dwarf;
				ENABLE_STRICT_OBJC_MSGSEND = YES;
				ENABLE_TESTABILITY = YES;
				ENABLE_USER_SCRIPT_SANDBOXING = YES;
				GCC_C_LANGUAGE_STANDARD = gnu17;
				GCC_DYNAMIC_NO_PIC = NO;
				GCC_NO_COMMON_BLOCKS = YES;
				GCC_OPTIMIZATION_LEVEL = 0;
				GCC_PREPROCESSOR_DEFINITIONS = (
					"DEBUG=1",
					"$(inherited)",
				);
				GCC_WARN_64_TO_32_BIT_CONVERSION = YES;
				GCC_WARN_ABOUT_RETURN_TYPE = YES_ERROR;
				GCC_WARN_UNDECLARED_SELECTOR = YES;
				GCC_WARN_UNINITIALIZED_AUTOS = YES_AGGRESSIVE;
				GCC_WARN_UNUSED_FUNCTION = YES;
				GCC_WARN_UNUSED_VARIABLE = YES;
				IPHONEOS_DEPLOYMENT_TARGET = 18.0;
				LOCALIZATION_PREFERS_STRING_CATALOGS = YES;
				MTL_ENABLE_DEBUG_INFO = INCLUDE_SOURCE;
				MTL_FAST_MATH = YES;
				ONLY_ACTIVE_ARCH = YES;
				SDKROOT = iphoneos;
				SWIFT_ACTIVE_COMPILATION_CONDITIONS = "DEBUG $(inherited)";
				SWIFT_OPTIMIZATION_LEVEL = "-Onone";
			};
			name = Debug;
		};
		9EB8367B2C1DD884009DCF59 /* Release */ = {
			isa = XCBuildConfiguration;
			buildSettings = {
				ALWAYS_SEARCH_USER_PATHS = NO;
				ASSETCATALOG_COMPILER_GENERATE_SWIFT_ASSET_SYMBOL_EXTENSIONS = YES;
				CLANG_ANALYZER_NONNULL = YES;
				CLANG_ANALYZER_NUMBER_OBJECT_CONVERSION = YES_AGGRESSIVE;
				CLANG_CXX_LANGUAGE_STANDARD = "gnu++20";
				CLANG_ENABLE_MODULES = YES;
				CLANG_ENABLE_OBJC_ARC = YES;
				CLANG_ENABLE_OBJC_WEAK = YES;
				CLANG_WARN_BLOCK_CAPTURE_AUTORELEASING = YES;
				CLANG_WARN_BOOL_CONVERSION = YES;
				CLANG_WARN_COMMA = YES;
				CLANG_WARN_CONSTANT_CONVERSION = YES;
				CLANG_WARN_DEPRECATED_OBJC_IMPLEMENTATIONS = YES;
				CLANG_WARN_DIRECT_OBJC_ISA_USAGE = YES_ERROR;
				CLANG_WARN_DOCUMENTATION_COMMENTS = YES;
				CLANG_WARN_EMPTY_BODY = YES;
				CLANG_WARN_ENUM_CONVERSION = YES;
				CLANG_WARN_INFINITE_RECURSION = YES;
				CLANG_WARN_INT_CONVERSION = YES;
				CLANG_WARN_NON_LITERAL_NULL_CONVERSION = YES;
				CLANG_WARN_OBJC_IMPLICIT_RETAIN_SELF = YES;
				CLANG_WARN_OBJC_LITERAL_CONVERSION = YES;
				CLANG_WARN_OBJC_ROOT_CLASS = YES_ERROR;
				CLANG_WARN_QUOTED_INCLUDE_IN_FRAMEWORK_HEADER = YES;
				CLANG_WARN_RANGE_LOOP_ANALYSIS = YES;
				CLANG_WARN_STRICT_PROTOTYPES = YES;
				CLANG_WARN_SUSPICIOUS_MOVE = YES;
				CLANG_WARN_UNGUARDED_AVAILABILITY = YES_AGGRESSIVE;
				CLANG_WARN_UNREACHABLE_CODE = YES;
				CLANG_WARN__DUPLICATE_METHOD_MATCH = YES;
				COPY_PHASE_STRIP = NO;
				DEBUG_INFORMATION_FORMAT = "dwarf-with-dsym";
				ENABLE_NS_ASSERTIONS = NO;
				ENABLE_STRICT_OBJC_MSGSEND = YES;
				ENABLE_USER_SCRIPT_SANDBOXING = YES;
				GCC_C_LANGUAGE_STANDARD = gnu17;
				GCC_NO_COMMON_BLOCKS = YES;
				GCC_WARN_64_TO_32_BIT_CONVERSION = YES;
				GCC_WARN_ABOUT_RETURN_TYPE = YES_ERROR;
				GCC_WARN_UNDECLARED_SELECTOR = YES;
				GCC_WARN_UNINITIALIZED_AUTOS = YES_AGGRESSIVE;
				GCC_WARN_UNUSED_FUNCTION = YES;
				GCC_WARN_UNUSED_VARIABLE = YES;
				IPHONEOS_DEPLOYMENT_TARGET = 18.0;
				LOCALIZATION_PREFERS_STRING_CATALOGS = YES;
				MTL_ENABLE_DEBUG_INFO = NO;
				MTL_FAST_MATH = YES;
				SDKROOT = iphoneos;
				SWIFT_COMPILATION_MODE = wholemodule;
				VALIDATE_PRODUCT = YES;
			};
			name = Release;
		};
		9EB8367D2C1DD884009DCF59 /* Debug */ = {
			isa = XCBuildConfiguration;
			buildSettings = {
				ASSETCATALOG_COMPILER_APPICON_NAME = AppIcon;
				ASSETCATALOG_COMPILER_GLOBAL_ACCENT_COLOR_NAME = AccentColor;
				CODE_SIGN_STYLE = Automatic;
				CURRENT_PROJECT_VERSION = 1;
				DEVELOPMENT_ASSET_PATHS = "\"Card_Game_R11/Preview Content\"";
				DEVELOPMENT_TEAM = K3JR62TZ76;
				ENABLE_PREVIEWS = YES;
				GENERATE_INFOPLIST_FILE = YES;
				INFOPLIST_KEY_UIApplicationSceneManifest_Generation = YES;
				INFOPLIST_KEY_UIApplicationSupportsIndirectInputEvents = YES;
				INFOPLIST_KEY_UILaunchScreen_Generation = YES;
				INFOPLIST_KEY_UISupportedInterfaceOrientations_iPad = "UIInterfaceOrientationPortrait UIInterfaceOrientationPortraitUpsideDown UIInterfaceOrientationLandscapeLeft UIInterfaceOrientationLandscapeRight";
				INFOPLIST_KEY_UISupportedInterfaceOrientations_iPhone = "UIInterfaceOrientationPortrait UIInterfaceOrientationLandscapeLeft UIInterfaceOrientationLandscapeRight";
				LD_RUNPATH_SEARCH_PATHS = (
					"$(inherited)",
					"@executable_path/Frameworks",
				);
				MARKETING_VERSION = 1.0;
				PRODUCT_BUNDLE_IDENTIFIER = "com.isad.Card-Game-R11";
				PRODUCT_NAME = "$(TARGET_NAME)";
				SWIFT_EMIT_LOC_STRINGS = YES;
				SWIFT_VERSION = 5.0;
				TARGETED_DEVICE_FAMILY = "1,2";
			};
			name = Debug;
		};
		9EB8367E2C1DD884009DCF59 /* Release */ = {
			isa = XCBuildConfiguration;
			buildSettings = {
				ASSETCATALOG_COMPILER_APPICON_NAME = AppIcon;
				ASSETCATALOG_COMPILER_GLOBAL_ACCENT_COLOR_NAME = AccentColor;
				CODE_SIGN_STYLE = Automatic;
				CURRENT_PROJECT_VERSION = 1;
				DEVELOPMENT_ASSET_PATHS = "\"Card_Game_R11/Preview Content\"";
				DEVELOPMENT_TEAM = K3JR62TZ76;
				ENABLE_PREVIEWS = YES;
				GENERATE_INFOPLIST_FILE = YES;
				INFOPLIST_KEY_UIApplicationSceneManifest_Generation = YES;
				INFOPLIST_KEY_UIApplicationSupportsIndirectInputEvents = YES;
				INFOPLIST_KEY_UILaunchScreen_Generation = YES;
				INFOPLIST_KEY_UISupportedInterfaceOrientations_iPad = "UIInterfaceOrientationPortrait UIInterfaceOrientationPortraitUpsideDown UIInterfaceOrientationLandscapeLeft UIInterfaceOrientationLandscapeRight";
				INFOPLIST_KEY_UISupportedInterfaceOrientations_iPhone = "UIInterfaceOrientationPortrait UIInterfaceOrientationLandscapeLeft UIInterfaceOrientationLandscapeRight";
				LD_RUNPATH_SEARCH_PATHS = (
					"$(inherited)",
					"@executable_path/Frameworks",
				);
				MARKETING_VERSION = 1.0;
				PRODUCT_BUNDLE_IDENTIFIER = "com.isad.Card-Game-R11";
				PRODUCT_NAME = "$(TARGET_NAME)";
				SWIFT_EMIT_LOC_STRINGS = YES;
				SWIFT_VERSION = 5.0;
				TARGETED_DEVICE_FAMILY = "1,2";
			};
			name = Release;
		};
		9EB836802C1DD884009DCF59 /* Debug */ = {
			isa = XCBuildConfiguration;
			buildSettings = {
				BUNDLE_LOADER = "$(TEST_HOST)";
				CODE_SIGN_STYLE = Automatic;
				CURRENT_PROJECT_VERSION = 1;
				DEVELOPMENT_TEAM = K3JR62TZ76;
				GENERATE_INFOPLIST_FILE = YES;
				IPHONEOS_DEPLOYMENT_TARGET = 18.0;
				MARKETING_VERSION = 1.0;
				PRODUCT_BUNDLE_IDENTIFIER = "com.isad.Card-Game-R11Tests";
				PRODUCT_NAME = "$(TARGET_NAME)";
				SWIFT_EMIT_LOC_STRINGS = NO;
				SWIFT_VERSION = 5.0;
				TARGETED_DEVICE_FAMILY = "1,2";
				TEST_HOST = "$(BUILT_PRODUCTS_DIR)/Card_Game_R11.app/$(BUNDLE_EXECUTABLE_FOLDER_PATH)/Card_Game_R11";
			};
			name = Debug;
		};
		9EB836812C1DD884009DCF59 /* Release */ = {
			isa = XCBuildConfiguration;
			buildSettings = {
				BUNDLE_LOADER = "$(TEST_HOST)";
				CODE_SIGN_STYLE = Automatic;
				CURRENT_PROJECT_VERSION = 1;
				DEVELOPMENT_TEAM = K3JR62TZ76;
				GENERATE_INFOPLIST_FILE = YES;
				IPHONEOS_DEPLOYMENT_TARGET = 18.0;
				MARKETING_VERSION = 1.0;
				PRODUCT_BUNDLE_IDENTIFIER = "com.isad.Card-Game-R11Tests";
				PRODUCT_NAME = "$(TARGET_NAME)";
				SWIFT_EMIT_LOC_STRINGS = NO;
				SWIFT_VERSION = 5.0;
				TARGETED_DEVICE_FAMILY = "1,2";
				TEST_HOST = "$(BUILT_PRODUCTS_DIR)/Card_Game_R11.app/$(BUNDLE_EXECUTABLE_FOLDER_PATH)/Card_Game_R11";
			};
			name = Release;
		};
		9EB836832C1DD884009DCF59 /* Debug */ = {
			isa = XCBuildConfiguration;
			buildSettings = {
				CODE_SIGN_STYLE = Automatic;
				CURRENT_PROJECT_VERSION = 1;
				DEVELOPMENT_TEAM = K3JR62TZ76;
				GENERATE_INFOPLIST_FILE = YES;
				MARKETING_VERSION = 1.0;
				PRODUCT_BUNDLE_IDENTIFIER = "com.isad.Card-Game-R11UITests";
				PRODUCT_NAME = "$(TARGET_NAME)";
				SWIFT_EMIT_LOC_STRINGS = NO;
				SWIFT_VERSION = 5.0;
				TARGETED_DEVICE_FAMILY = "1,2";
				TEST_TARGET_NAME = Card_Game_R11;
			};
			name = Debug;
		};
		9EB836842C1DD884009DCF59 /* Release */ = {
			isa = XCBuildConfiguration;
			buildSettings = {
				CODE_SIGN_STYLE = Automatic;
				CURRENT_PROJECT_VERSION = 1;
				DEVELOPMENT_TEAM = K3JR62TZ76;
				GENERATE_INFOPLIST_FILE = YES;
				MARKETING_VERSION = 1.0;
				PRODUCT_BUNDLE_IDENTIFIER = "com.isad.Card-Game-R11UITests";
				PRODUCT_NAME = "$(TARGET_NAME)";
				SWIFT_EMIT_LOC_STRINGS = NO;
				SWIFT_VERSION = 5.0;
				TARGETED_DEVICE_FAMILY = "1,2";
				TEST_TARGET_NAME = Card_Game_R11;
			};
			name = Release;
		};
/* End XCBuildConfiguration section */

/* Begin XCConfigurationList section */
		9EB836532C1DD882009DCF59 /* Build configuration list for PBXProject "Card_Game_R11" */ = {
			isa = XCConfigurationList;
			buildConfigurations = (
				9EB8367A2C1DD884009DCF59 /* Debug */,
				9EB8367B2C1DD884009DCF59 /* Release */,
			);
			defaultConfigurationIsVisible = 0;
			defaultConfigurationName = Release;
		};
		9EB8367C2C1DD884009DCF59 /* Build configuration list for PBXNativeTarget "Card_Game_R11" */ = {
			isa = XCConfigurationList;
			buildConfigurations = (
				9EB8367D2C1DD884009DCF59 /* Debug */,
				9EB8367E2C1DD884009DCF59 /* Release */,
			);
			defaultConfigurationIsVisible = 0;
			defaultConfigurationName = Release;
		};
		9EB8367F2C1DD884009DCF59 /* Build configuration list for PBXNativeTarget "Card_Game_R11Tests" */ = {
			isa = XCConfigurationList;
			buildConfigurations = (
				9EB836802C1DD884009DCF59 /* Debug */,
				9EB836812C1DD884009DCF59 /* Release */,
			);
			defaultConfigurationIsVisible = 0;
			defaultConfigurationName = Release;
		};
		9EB836822C1DD884009DCF59 /* Build configuration list for PBXNativeTarget "Card_Game_R11UITests" */ = {
			isa = XCConfigurationList;
			buildConfigurations = (
				9EB836832C1DD884009DCF59 /* Debug */,
				9EB836842C1DD884009DCF59 /* Release */,
			);
			defaultConfigurationIsVisible = 0;
			defaultConfigurationName = Release;
		};
/* End XCConfigurationList section */
	};
	rootObject = 9EB836502C1DD882009DCF59 /* Project object */;
}
